
Microsoft Visual Studio Solution File, Format Version 12.00
# Visual Studio Version 17
VisualStudioVersion = 17.1.32328.378
MinimumVisualStudioVersion = 10.0.40219.1
Project("{FAE04EC0-301F-11D3-BF4B-00C04F79EFBC}") = "Problem1", "Problem1\Problem1.csproj", "{FD71373B-7F3B-4E9A-88E0-B3E305D4FD1D}"
EndProject
Project("{FAE04EC0-301F-11D3-BF4B-00C04F79EFBC}") = "Problem2", "Problem2\Problem2.csproj", "{408D5BD6-8D95-4A43-8298-DD7604A1812C}"
EndProject
Project("{FAE04EC0-301F-11D3-BF4B-00C04F79EFBC}") = "Problem3", "Problem3\Problem3.csproj", "{0FF7C02C-1C82-4ABA-99A6-81C6AC90B03B}"
EndProject
Project("{FAE04EC0-301F-11D3-BF4B-00C04F79EFBC}") = "CifreleUnuiNumar", "CifreleUnuiNumar\CifreleUnuiNumar.csproj", "{26EDB5F7-2462-4EEE-BB37-FDD7E0C0F823}"
EndProject
Project("{FAE04EC0-301F-11D3-BF4B-00C04F79EFBC}") = "OglinditulUnuiNumar", "OglinditulUnuiNumar\OglinditulUnuiNumar.csproj", "{CFCA01AD-D809-46EA-A782-35988AEC864A}"
EndProject
Project("{FAE04EC0-301F-11D3-BF4B-00C04F79EFBC}") = "NFactorial", "NFactorial\NFactorial.csproj", "{459FA3DA-8241-464C-BC50-5FEE83270BB4}"
EndProject
Project("{FAE04EC0-301F-11D3-BF4B-00C04F79EFBC}") = "FizzBuzz", "FizzBuzz\FizzBuzz.csproj", "{C1F9072D-297E-41C4-9B55-A45585AE5044}"
EndProject
Project("{FAE04EC0-301F-11D3-BF4B-00C04F79EFBC}") = "DifferenceBetween++i-i++", "DifferenceBetween++i-i++\DifferenceBetween++i-i++.csproj", "{DA580A0F-B600-4A4C-9300-D99D793FD276}"
EndProject
Project("{FAE04EC0-301F-11D3-BF4B-00C04F79EFBC}") = "FizzBuzzWithList", "FizzBuzzWithList\FizzBuzzWithList.csproj", "{542A79D2-DE53-4312-BF49-977627269210}"
EndProject
Project("{FAE04EC0-301F-11D3-BF4B-00C04F79EFBC}") = "SumOfDigits", "SumOfDigits\SumOfDigits.csproj", "{F565375E-09F1-4D4C-92E5-D041014000C2}"
EndProject
Project("{FAE04EC0-301F-11D3-BF4B-00C04F79EFBC}") = "SortArray", "SortArray\SortArray.csproj", "{C686EB6C-FA8A-4FB8-8C52-DDF79DE8CBF1}"
EndProject
Project("{FAE04EC0-301F-11D3-BF4B-00C04F79EFBC}") = "isPalindrom", "Humble2\isPalindrom.csproj", "{DF07E766-3F95-4192-AA0A-9C2665696F31}"
EndProject
Project("{FAE04EC0-301F-11D3-BF4B-00C04F79EFBC}") = "Testare", "Testare\Testare.csproj", "{E1C77F7F-F0ED-4E3E-9B84-DA34C5B57CDE}"
EndProject
Project("{FAE04EC0-301F-11D3-BF4B-00C04F79EFBC}") = "isPalindromWithFunction", "isPalindromWithFunction\isPalindromWithFunction.csproj", "{08C96BEF-7866-4B78-9F80-D439EFE5B124}"
EndProject
Project("{FAE04EC0-301F-11D3-BF4B-00C04F79EFBC}") = "MedInArray", "MedInArray\MedInArray.csproj", "{2A5317D2-70C9-4367-B97B-2D41DBF8D342}"
EndProject
Project("{FAE04EC0-301F-11D3-BF4B-00C04F79EFBC}") = "DependencyInjectionDesignPatterninC-Sharp", "DependencyInjectionDesignPatterninC-Sharp\DependencyInjectionDesignPatterninC-Sharp.csproj", "{C5F4B58D-3E5B-4101-BC3F-F016F7E89182}"
EndProject
Project("{FAE04EC0-301F-11D3-BF4B-00C04F79EFBC}") = "AnagramWords", "AnagramWords\AnagramWords.csproj", "{7AC89EE5-A0FA-4DF1-B87B-E8A740F7E85B}"
EndProject
Project("{FAE04EC0-301F-11D3-BF4B-00C04F79EFBC}") = "EliminateA", "EliminateA\EliminateA.csproj", "{5A13FB67-BA50-4C14-86D3-C94CD18258F5}"
EndProject
Project("{FAE04EC0-301F-11D3-BF4B-00C04F79EFBC}") = "SingletonClass", "SingletonClass\SingletonClass.csproj", "{DDBCFB1E-0983-4042-B9C7-96AEEAAD2962}"
EndProject
Project("{FAE04EC0-301F-11D3-BF4B-00C04F79EFBC}") = "AbstractAndInterfaces", "AbstractAndInterfaces\AbstractAndInterfaces.csproj", "{8ECE77B5-589A-41E6-A3EF-F9F21BE205B4}"
EndProject
Project("{FAE04EC0-301F-11D3-BF4B-00C04F79EFBC}") = "RightToLeft", "RightToLeft\RightToLeft.csproj", "{659EDCC3-AB61-4DF1-8663-4F2DC9846F32}"
EndProject
Project("{FAE04EC0-301F-11D3-BF4B-00C04F79EFBC}") = "ReverseString", "ReverseString\ReverseString.csproj", "{71E5EEB2-FDFF-41A7-8EB6-C11A10510BF4}"
EndProject
Project("{FAE04EC0-301F-11D3-BF4B-00C04F79EFBC}") = "Calculator", "UnitTesting\Calculator.csproj", "{CEA2C4FA-86BA-46F5-A6C7-96408DBAB545}"
EndProject
Project("{FAE04EC0-301F-11D3-BF4B-00C04F79EFBC}") = "CalculatorTesting", "CalculatorTesting\CalculatorTesting.csproj", "{6757A33E-5866-4095-B42E-977AD5AD3EFC}"
EndProject
Project("{FAE04EC0-301F-11D3-BF4B-00C04F79EFBC}") = "Merge2ArrayString", "Merge2ArrayString\Merge2ArrayString.csproj", "{D1CDC8C1-D98A-4D51-AAB9-0B728C40CCBB}"
EndProject
Project("{FAE04EC0-301F-11D3-BF4B-00C04F79EFBC}") = "DemoSingletonClass", "DemoSingletonClass\DemoSingletonClass.csproj", "{037BFF0E-CF0F-4F83-8770-E42476C62478}"
EndProject
Project("{FAE04EC0-301F-11D3-BF4B-00C04F79EFBC}") = "TemplateMethodDesignPattern", "TemplateMethodDesignPattern\TemplateMethodDesignPattern.csproj", "{F3B77CD8-FCA2-4C79-BDB2-5122D247A237}"
EndProject
Project("{FAE04EC0-301F-11D3-BF4B-00C04F79EFBC}") = "SingletonMVC", "SingletonMVC\SingletonMVC.csproj", "{95C95A71-355F-4B30-AC69-DEFB40E089D8}"
EndProject
Project("{FAE04EC0-301F-11D3-BF4B-00C04F79EFBC}") = "CMMDC", "CMMDC\CMMDC.csproj", "{47173C69-FDA9-48B2-B570-85E7E045FEF6}"
EndProject
Project("{FAE04EC0-301F-11D3-BF4B-00C04F79EFBC}") = "BinarySearch", "BinarySearch\BinarySearch.csproj", "{0F723E12-65A3-4E43-99FD-7192EECD0553}"
EndProject
Project("{FAE04EC0-301F-11D3-BF4B-00C04F79EFBC}") = "RemoveEvenElement", "RemoveEvenElement\RemoveEvenElement.csproj", "{6093A277-46BE-4066-9CC5-7561F78DBBEC}"
EndProject
Project("{FAE04EC0-301F-11D3-BF4B-00C04F79EFBC}") = "ReverseArrayWithFunction", "ReverseArrayWithFunction\ReverseArrayWithFunction.csproj", "{212C68D0-3A17-4765-868F-8F0C9D31DA27}"
EndProject
Project("{FAE04EC0-301F-11D3-BF4B-00C04F79EFBC}") = "ImplicitAndExplicitInterface", "ImplicitAndExplicitInterface\ImplicitAndExplicitInterface.csproj", "{29E81B97-AA4B-419B-A056-85D17D646A85}"
EndProject
Project("{FAE04EC0-301F-11D3-BF4B-00C04F79EFBC}") = "DisplayMatrix", "DisplayMatrix\DisplayMatrix.csproj", "{24CDE00C-844D-47D7-AD71-E3479F8E1653}"
EndProject
Project("{FAE04EC0-301F-11D3-BF4B-00C04F79EFBC}") = "MinAndMaxSumFromArray", "MinAndMaxSumFromArray\MinAndMaxSumFromArray.csproj", "{772C21D8-FEC8-4ACA-B2AB-676E2FB24954}"
EndProject
Project("{FAE04EC0-301F-11D3-BF4B-00C04F79EFBC}") = "DepedencyInjection", "DepedencyInjection\DepedencyInjection.csproj", "{A0FF3995-6264-451D-9A8B-326936667DB6}"
EndProject
Project("{FAE04EC0-301F-11D3-BF4B-00C04F79EFBC}") = "SOLID_principles", "SOLID_principles\SOLID_principles.csproj", "{20E24300-24EE-4936-971E-AF86D1534A31}"
EndProject
Project("{FAE04EC0-301F-11D3-BF4B-00C04F79EFBC}") = "CifrePrime", "CifrePrime\CifrePrime.csproj", "{817FFE32-8487-41AF-8351-E2FECEF80180}"
EndProject
Project("{FAE04EC0-301F-11D3-BF4B-00C04F79EFBC}") = "DivizoriNR", "DivizoriNR\DivizoriNR.csproj", "{51CBDC3C-6DB6-4C94-93EE-D7FEAD230A88}"
EndProject
Project("{FAE04EC0-301F-11D3-BF4B-00C04F79EFBC}") = "ConsoaneAndVocale", "ConsoaneAndVocale\ConsoaneAndVocale.csproj", "{1A5F4475-7B64-451A-8775-610FEA74A8F8}"
EndProject
Project("{FAE04EC0-301F-11D3-BF4B-00C04F79EFBC}") = "RandomNumberEvenAndOdd", "RandomNumberEvenAndOdd\RandomNumberEvenAndOdd.csproj", "{B2DAC268-9C60-4B5C-B1E7-A206E0CB4C8F}"
EndProject
Project("{9A19103F-16F7-4668-BE54-9A1E7A4F7556}") = "GenerateNumberRandom", "GenerateNumberRandom\GenerateNumberRandom.csproj", "{44D66A0D-BFF8-4061-94BA-FD74400E485F}"
EndProject
Project("{9A19103F-16F7-4668-BE54-9A1E7A4F7556}") = "BinarySearchIterativ", "BinarySearchIterativ\BinarySearchIterativ.csproj", "{29DDD809-DD95-476A-9DBE-4F812B713514}"
EndProject
Project("{9A19103F-16F7-4668-BE54-9A1E7A4F7556}") = "MinMaxArray", "MinMaxArray\MinMaxArray.csproj", "{D1BAE38E-231F-48C2-8910-76E00C3FA27B}"
EndProject
Project("{9A19103F-16F7-4668-BE54-9A1E7A4F7556}") = "PrimeNumber", "PrimeNumber\PrimeNumber.csproj", "{FA02C210-6569-4FE7-A129-F7F9C3FCFCD5}"
EndProject
Project("{9A19103F-16F7-4668-BE54-9A1E7A4F7556}") = "Fibonacci", "Fibonacci\Fibonacci.csproj", "{415F2A48-2B9A-41E4-936C-2C1DECE8E1D3}"
EndProject
Project("{9A19103F-16F7-4668-BE54-9A1E7A4F7556}") = "Sum2Polynom", "Sum2Polynom\Sum2Polynom.csproj", "{36F7DCA1-6730-49C4-9FFC-13A00E8FF3FD}"
EndProject
Project("{9A19103F-16F7-4668-BE54-9A1E7A4F7556}") = "InterclassingMethod", "InterclassingMethod\InterclassingMethod.csproj", "{025DE3D7-D175-4DBC-9383-E37D2041B85B}"
EndProject
Project("{FAE04EC0-301F-11D3-BF4B-00C04F79EFBC}") = "MaximumNumbersFromArray", "MaximumNumbersFromArray\MaximumNumbersFromArray.csproj", "{0A1EEAFE-7367-484B-9907-451E182CDB1A}"
EndProject
Project("{FAE04EC0-301F-11D3-BF4B-00C04F79EFBC}") = "PrintingPatterns", "PrintingPatterns\PrintingPatterns.csproj", "{63D17422-DB67-46BA-89DD-F524579A6055}"
EndProject
Project("{FAE04EC0-301F-11D3-BF4B-00C04F79EFBC}") = "CSV_To_SQLS", "CSV_To_SQLS\CSV_To_SQLS.csproj", "{D0D42DF0-CE7F-4340-BDB0-0CEF4FB33CA1}"
EndProject
Project("{FAE04EC0-301F-11D3-BF4B-00C04F79EFBC}") = "RichTextBox", "RichTextBox\RichTextBox.csproj", "{731D1E29-33F9-42D5-98E0-2E8544533D55}"
EndProject
Project("{FAE04EC0-301F-11D3-BF4B-00C04F79EFBC}") = "2018S2EX5", "2018S2EX5\2018S2EX5.csproj", "{920A28B4-481F-4A5C-99A2-FC483E4A826C}"
EndProject
Global
	GlobalSection(SolutionConfigurationPlatforms) = preSolution
		Debug|Any CPU = Debug|Any CPU
		Release|Any CPU = Release|Any CPU
	EndGlobalSection
	GlobalSection(ProjectConfigurationPlatforms) = postSolution
		{FD71373B-7F3B-4E9A-88E0-B3E305D4FD1D}.Debug|Any CPU.ActiveCfg = Debug|Any CPU
		{FD71373B-7F3B-4E9A-88E0-B3E305D4FD1D}.Debug|Any CPU.Build.0 = Debug|Any CPU
		{FD71373B-7F3B-4E9A-88E0-B3E305D4FD1D}.Release|Any CPU.ActiveCfg = Release|Any CPU
		{FD71373B-7F3B-4E9A-88E0-B3E305D4FD1D}.Release|Any CPU.Build.0 = Release|Any CPU
		{408D5BD6-8D95-4A43-8298-DD7604A1812C}.Debug|Any CPU.ActiveCfg = Debug|Any CPU
		{408D5BD6-8D95-4A43-8298-DD7604A1812C}.Debug|Any CPU.Build.0 = Debug|Any CPU
		{408D5BD6-8D95-4A43-8298-DD7604A1812C}.Release|Any CPU.ActiveCfg = Release|Any CPU
		{408D5BD6-8D95-4A43-8298-DD7604A1812C}.Release|Any CPU.Build.0 = Release|Any CPU
		{0FF7C02C-1C82-4ABA-99A6-81C6AC90B03B}.Debug|Any CPU.ActiveCfg = Debug|Any CPU
		{0FF7C02C-1C82-4ABA-99A6-81C6AC90B03B}.Debug|Any CPU.Build.0 = Debug|Any CPU
		{0FF7C02C-1C82-4ABA-99A6-81C6AC90B03B}.Release|Any CPU.ActiveCfg = Release|Any CPU
		{0FF7C02C-1C82-4ABA-99A6-81C6AC90B03B}.Release|Any CPU.Build.0 = Release|Any CPU
		{26EDB5F7-2462-4EEE-BB37-FDD7E0C0F823}.Debug|Any CPU.ActiveCfg = Debug|Any CPU
		{26EDB5F7-2462-4EEE-BB37-FDD7E0C0F823}.Debug|Any CPU.Build.0 = Debug|Any CPU
		{26EDB5F7-2462-4EEE-BB37-FDD7E0C0F823}.Release|Any CPU.ActiveCfg = Release|Any CPU
		{26EDB5F7-2462-4EEE-BB37-FDD7E0C0F823}.Release|Any CPU.Build.0 = Release|Any CPU
		{CFCA01AD-D809-46EA-A782-35988AEC864A}.Debug|Any CPU.ActiveCfg = Debug|Any CPU
		{CFCA01AD-D809-46EA-A782-35988AEC864A}.Debug|Any CPU.Build.0 = Debug|Any CPU
		{CFCA01AD-D809-46EA-A782-35988AEC864A}.Release|Any CPU.ActiveCfg = Release|Any CPU
		{CFCA01AD-D809-46EA-A782-35988AEC864A}.Release|Any CPU.Build.0 = Release|Any CPU
		{459FA3DA-8241-464C-BC50-5FEE83270BB4}.Debug|Any CPU.ActiveCfg = Debug|Any CPU
		{459FA3DA-8241-464C-BC50-5FEE83270BB4}.Debug|Any CPU.Build.0 = Debug|Any CPU
		{459FA3DA-8241-464C-BC50-5FEE83270BB4}.Release|Any CPU.ActiveCfg = Release|Any CPU
		{459FA3DA-8241-464C-BC50-5FEE83270BB4}.Release|Any CPU.Build.0 = Release|Any CPU
		{C1F9072D-297E-41C4-9B55-A45585AE5044}.Debug|Any CPU.ActiveCfg = Debug|Any CPU
		{C1F9072D-297E-41C4-9B55-A45585AE5044}.Debug|Any CPU.Build.0 = Debug|Any CPU
		{C1F9072D-297E-41C4-9B55-A45585AE5044}.Release|Any CPU.ActiveCfg = Release|Any CPU
		{C1F9072D-297E-41C4-9B55-A45585AE5044}.Release|Any CPU.Build.0 = Release|Any CPU
		{DA580A0F-B600-4A4C-9300-D99D793FD276}.Debug|Any CPU.ActiveCfg = Debug|Any CPU
		{DA580A0F-B600-4A4C-9300-D99D793FD276}.Debug|Any CPU.Build.0 = Debug|Any CPU
		{DA580A0F-B600-4A4C-9300-D99D793FD276}.Release|Any CPU.ActiveCfg = Release|Any CPU
		{DA580A0F-B600-4A4C-9300-D99D793FD276}.Release|Any CPU.Build.0 = Release|Any CPU
		{542A79D2-DE53-4312-BF49-977627269210}.Debug|Any CPU.ActiveCfg = Debug|Any CPU
		{542A79D2-DE53-4312-BF49-977627269210}.Debug|Any CPU.Build.0 = Debug|Any CPU
		{542A79D2-DE53-4312-BF49-977627269210}.Release|Any CPU.ActiveCfg = Release|Any CPU
		{542A79D2-DE53-4312-BF49-977627269210}.Release|Any CPU.Build.0 = Release|Any CPU
		{F565375E-09F1-4D4C-92E5-D041014000C2}.Debug|Any CPU.ActiveCfg = Debug|Any CPU
		{F565375E-09F1-4D4C-92E5-D041014000C2}.Debug|Any CPU.Build.0 = Debug|Any CPU
		{F565375E-09F1-4D4C-92E5-D041014000C2}.Release|Any CPU.ActiveCfg = Release|Any CPU
		{F565375E-09F1-4D4C-92E5-D041014000C2}.Release|Any CPU.Build.0 = Release|Any CPU
		{C686EB6C-FA8A-4FB8-8C52-DDF79DE8CBF1}.Debug|Any CPU.ActiveCfg = Debug|Any CPU
		{C686EB6C-FA8A-4FB8-8C52-DDF79DE8CBF1}.Debug|Any CPU.Build.0 = Debug|Any CPU
		{C686EB6C-FA8A-4FB8-8C52-DDF79DE8CBF1}.Release|Any CPU.ActiveCfg = Release|Any CPU
		{C686EB6C-FA8A-4FB8-8C52-DDF79DE8CBF1}.Release|Any CPU.Build.0 = Release|Any CPU
		{DF07E766-3F95-4192-AA0A-9C2665696F31}.Debug|Any CPU.ActiveCfg = Debug|Any CPU
		{DF07E766-3F95-4192-AA0A-9C2665696F31}.Debug|Any CPU.Build.0 = Debug|Any CPU
		{DF07E766-3F95-4192-AA0A-9C2665696F31}.Release|Any CPU.ActiveCfg = Release|Any CPU
		{DF07E766-3F95-4192-AA0A-9C2665696F31}.Release|Any CPU.Build.0 = Release|Any CPU
		{E1C77F7F-F0ED-4E3E-9B84-DA34C5B57CDE}.Debug|Any CPU.ActiveCfg = Debug|Any CPU
		{E1C77F7F-F0ED-4E3E-9B84-DA34C5B57CDE}.Debug|Any CPU.Build.0 = Debug|Any CPU
		{E1C77F7F-F0ED-4E3E-9B84-DA34C5B57CDE}.Release|Any CPU.ActiveCfg = Release|Any CPU
		{E1C77F7F-F0ED-4E3E-9B84-DA34C5B57CDE}.Release|Any CPU.Build.0 = Release|Any CPU
		{08C96BEF-7866-4B78-9F80-D439EFE5B124}.Debug|Any CPU.ActiveCfg = Debug|Any CPU
		{08C96BEF-7866-4B78-9F80-D439EFE5B124}.Debug|Any CPU.Build.0 = Debug|Any CPU
		{08C96BEF-7866-4B78-9F80-D439EFE5B124}.Release|Any CPU.ActiveCfg = Release|Any CPU
		{08C96BEF-7866-4B78-9F80-D439EFE5B124}.Release|Any CPU.Build.0 = Release|Any CPU
		{2A5317D2-70C9-4367-B97B-2D41DBF8D342}.Debug|Any CPU.ActiveCfg = Debug|Any CPU
		{2A5317D2-70C9-4367-B97B-2D41DBF8D342}.Debug|Any CPU.Build.0 = Debug|Any CPU
		{2A5317D2-70C9-4367-B97B-2D41DBF8D342}.Release|Any CPU.ActiveCfg = Release|Any CPU
		{2A5317D2-70C9-4367-B97B-2D41DBF8D342}.Release|Any CPU.Build.0 = Release|Any CPU
		{C5F4B58D-3E5B-4101-BC3F-F016F7E89182}.Debug|Any CPU.ActiveCfg = Debug|Any CPU
		{C5F4B58D-3E5B-4101-BC3F-F016F7E89182}.Debug|Any CPU.Build.0 = Debug|Any CPU
		{C5F4B58D-3E5B-4101-BC3F-F016F7E89182}.Release|Any CPU.ActiveCfg = Release|Any CPU
		{C5F4B58D-3E5B-4101-BC3F-F016F7E89182}.Release|Any CPU.Build.0 = Release|Any CPU
		{7AC89EE5-A0FA-4DF1-B87B-E8A740F7E85B}.Debug|Any CPU.ActiveCfg = Debug|Any CPU
		{7AC89EE5-A0FA-4DF1-B87B-E8A740F7E85B}.Debug|Any CPU.Build.0 = Debug|Any CPU
		{7AC89EE5-A0FA-4DF1-B87B-E8A740F7E85B}.Release|Any CPU.ActiveCfg = Release|Any CPU
		{7AC89EE5-A0FA-4DF1-B87B-E8A740F7E85B}.Release|Any CPU.Build.0 = Release|Any CPU
		{5A13FB67-BA50-4C14-86D3-C94CD18258F5}.Debug|Any CPU.ActiveCfg = Debug|Any CPU
		{5A13FB67-BA50-4C14-86D3-C94CD18258F5}.Debug|Any CPU.Build.0 = Debug|Any CPU
		{5A13FB67-BA50-4C14-86D3-C94CD18258F5}.Release|Any CPU.ActiveCfg = Release|Any CPU
		{5A13FB67-BA50-4C14-86D3-C94CD18258F5}.Release|Any CPU.Build.0 = Release|Any CPU
		{DDBCFB1E-0983-4042-B9C7-96AEEAAD2962}.Debug|Any CPU.ActiveCfg = Debug|Any CPU
		{DDBCFB1E-0983-4042-B9C7-96AEEAAD2962}.Debug|Any CPU.Build.0 = Debug|Any CPU
		{DDBCFB1E-0983-4042-B9C7-96AEEAAD2962}.Release|Any CPU.ActiveCfg = Release|Any CPU
		{DDBCFB1E-0983-4042-B9C7-96AEEAAD2962}.Release|Any CPU.Build.0 = Release|Any CPU
		{8ECE77B5-589A-41E6-A3EF-F9F21BE205B4}.Debug|Any CPU.ActiveCfg = Debug|Any CPU
		{8ECE77B5-589A-41E6-A3EF-F9F21BE205B4}.Debug|Any CPU.Build.0 = Debug|Any CPU
		{8ECE77B5-589A-41E6-A3EF-F9F21BE205B4}.Release|Any CPU.ActiveCfg = Release|Any CPU
		{8ECE77B5-589A-41E6-A3EF-F9F21BE205B4}.Release|Any CPU.Build.0 = Release|Any CPU
		{659EDCC3-AB61-4DF1-8663-4F2DC9846F32}.Debug|Any CPU.ActiveCfg = Debug|Any CPU
		{659EDCC3-AB61-4DF1-8663-4F2DC9846F32}.Debug|Any CPU.Build.0 = Debug|Any CPU
		{659EDCC3-AB61-4DF1-8663-4F2DC9846F32}.Release|Any CPU.ActiveCfg = Release|Any CPU
		{659EDCC3-AB61-4DF1-8663-4F2DC9846F32}.Release|Any CPU.Build.0 = Release|Any CPU
		{71E5EEB2-FDFF-41A7-8EB6-C11A10510BF4}.Debug|Any CPU.ActiveCfg = Debug|Any CPU
		{71E5EEB2-FDFF-41A7-8EB6-C11A10510BF4}.Debug|Any CPU.Build.0 = Debug|Any CPU
		{71E5EEB2-FDFF-41A7-8EB6-C11A10510BF4}.Release|Any CPU.ActiveCfg = Release|Any CPU
		{71E5EEB2-FDFF-41A7-8EB6-C11A10510BF4}.Release|Any CPU.Build.0 = Release|Any CPU
		{CEA2C4FA-86BA-46F5-A6C7-96408DBAB545}.Debug|Any CPU.ActiveCfg = Debug|Any CPU
		{CEA2C4FA-86BA-46F5-A6C7-96408DBAB545}.Debug|Any CPU.Build.0 = Debug|Any CPU
		{CEA2C4FA-86BA-46F5-A6C7-96408DBAB545}.Release|Any CPU.ActiveCfg = Release|Any CPU
		{CEA2C4FA-86BA-46F5-A6C7-96408DBAB545}.Release|Any CPU.Build.0 = Release|Any CPU
		{6757A33E-5866-4095-B42E-977AD5AD3EFC}.Debug|Any CPU.ActiveCfg = Debug|Any CPU
		{6757A33E-5866-4095-B42E-977AD5AD3EFC}.Debug|Any CPU.Build.0 = Debug|Any CPU
		{6757A33E-5866-4095-B42E-977AD5AD3EFC}.Release|Any CPU.ActiveCfg = Release|Any CPU
		{6757A33E-5866-4095-B42E-977AD5AD3EFC}.Release|Any CPU.Build.0 = Release|Any CPU
		{D1CDC8C1-D98A-4D51-AAB9-0B728C40CCBB}.Debug|Any CPU.ActiveCfg = Debug|Any CPU
		{D1CDC8C1-D98A-4D51-AAB9-0B728C40CCBB}.Debug|Any CPU.Build.0 = Debug|Any CPU
		{D1CDC8C1-D98A-4D51-AAB9-0B728C40CCBB}.Release|Any CPU.ActiveCfg = Release|Any CPU
		{D1CDC8C1-D98A-4D51-AAB9-0B728C40CCBB}.Release|Any CPU.Build.0 = Release|Any CPU
		{037BFF0E-CF0F-4F83-8770-E42476C62478}.Debug|Any CPU.ActiveCfg = Debug|Any CPU
		{037BFF0E-CF0F-4F83-8770-E42476C62478}.Debug|Any CPU.Build.0 = Debug|Any CPU
		{037BFF0E-CF0F-4F83-8770-E42476C62478}.Release|Any CPU.ActiveCfg = Release|Any CPU
		{037BFF0E-CF0F-4F83-8770-E42476C62478}.Release|Any CPU.Build.0 = Release|Any CPU
		{F3B77CD8-FCA2-4C79-BDB2-5122D247A237}.Debug|Any CPU.ActiveCfg = Debug|Any CPU
		{F3B77CD8-FCA2-4C79-BDB2-5122D247A237}.Debug|Any CPU.Build.0 = Debug|Any CPU
		{F3B77CD8-FCA2-4C79-BDB2-5122D247A237}.Release|Any CPU.ActiveCfg = Release|Any CPU
		{F3B77CD8-FCA2-4C79-BDB2-5122D247A237}.Release|Any CPU.Build.0 = Release|Any CPU
		{95C95A71-355F-4B30-AC69-DEFB40E089D8}.Debug|Any CPU.ActiveCfg = Debug|Any CPU
		{95C95A71-355F-4B30-AC69-DEFB40E089D8}.Debug|Any CPU.Build.0 = Debug|Any CPU
		{95C95A71-355F-4B30-AC69-DEFB40E089D8}.Release|Any CPU.ActiveCfg = Release|Any CPU
		{95C95A71-355F-4B30-AC69-DEFB40E089D8}.Release|Any CPU.Build.0 = Release|Any CPU
		{47173C69-FDA9-48B2-B570-85E7E045FEF6}.Debug|Any CPU.ActiveCfg = Debug|Any CPU
		{47173C69-FDA9-48B2-B570-85E7E045FEF6}.Debug|Any CPU.Build.0 = Debug|Any CPU
		{47173C69-FDA9-48B2-B570-85E7E045FEF6}.Release|Any CPU.ActiveCfg = Release|Any CPU
		{47173C69-FDA9-48B2-B570-85E7E045FEF6}.Release|Any CPU.Build.0 = Release|Any CPU
		{0F723E12-65A3-4E43-99FD-7192EECD0553}.Debug|Any CPU.ActiveCfg = Debug|Any CPU
		{0F723E12-65A3-4E43-99FD-7192EECD0553}.Debug|Any CPU.Build.0 = Debug|Any CPU
		{0F723E12-65A3-4E43-99FD-7192EECD0553}.Release|Any CPU.ActiveCfg = Release|Any CPU
		{0F723E12-65A3-4E43-99FD-7192EECD0553}.Release|Any CPU.Build.0 = Release|Any CPU
		{6093A277-46BE-4066-9CC5-7561F78DBBEC}.Debug|Any CPU.ActiveCfg = Debug|Any CPU
		{6093A277-46BE-4066-9CC5-7561F78DBBEC}.Debug|Any CPU.Build.0 = Debug|Any CPU
		{6093A277-46BE-4066-9CC5-7561F78DBBEC}.Release|Any CPU.ActiveCfg = Release|Any CPU
		{6093A277-46BE-4066-9CC5-7561F78DBBEC}.Release|Any CPU.Build.0 = Release|Any CPU
		{212C68D0-3A17-4765-868F-8F0C9D31DA27}.Debug|Any CPU.ActiveCfg = Debug|Any CPU
		{212C68D0-3A17-4765-868F-8F0C9D31DA27}.Debug|Any CPU.Build.0 = Debug|Any CPU
		{212C68D0-3A17-4765-868F-8F0C9D31DA27}.Release|Any CPU.ActiveCfg = Release|Any CPU
		{212C68D0-3A17-4765-868F-8F0C9D31DA27}.Release|Any CPU.Build.0 = Release|Any CPU
		{29E81B97-AA4B-419B-A056-85D17D646A85}.Debug|Any CPU.ActiveCfg = Debug|Any CPU
		{29E81B97-AA4B-419B-A056-85D17D646A85}.Debug|Any CPU.Build.0 = Debug|Any CPU
		{29E81B97-AA4B-419B-A056-85D17D646A85}.Release|Any CPU.ActiveCfg = Release|Any CPU
		{29E81B97-AA4B-419B-A056-85D17D646A85}.Release|Any CPU.Build.0 = Release|Any CPU
		{24CDE00C-844D-47D7-AD71-E3479F8E1653}.Debug|Any CPU.ActiveCfg = Debug|Any CPU
		{24CDE00C-844D-47D7-AD71-E3479F8E1653}.Debug|Any CPU.Build.0 = Debug|Any CPU
		{24CDE00C-844D-47D7-AD71-E3479F8E1653}.Release|Any CPU.ActiveCfg = Release|Any CPU
		{24CDE00C-844D-47D7-AD71-E3479F8E1653}.Release|Any CPU.Build.0 = Release|Any CPU
		{772C21D8-FEC8-4ACA-B2AB-676E2FB24954}.Debug|Any CPU.ActiveCfg = Debug|Any CPU
		{772C21D8-FEC8-4ACA-B2AB-676E2FB24954}.Debug|Any CPU.Build.0 = Debug|Any CPU
		{772C21D8-FEC8-4ACA-B2AB-676E2FB24954}.Release|Any CPU.ActiveCfg = Release|Any CPU
		{772C21D8-FEC8-4ACA-B2AB-676E2FB24954}.Release|Any CPU.Build.0 = Release|Any CPU
		{A0FF3995-6264-451D-9A8B-326936667DB6}.Debug|Any CPU.ActiveCfg = Debug|Any CPU
		{A0FF3995-6264-451D-9A8B-326936667DB6}.Debug|Any CPU.Build.0 = Debug|Any CPU
		{A0FF3995-6264-451D-9A8B-326936667DB6}.Release|Any CPU.ActiveCfg = Release|Any CPU
		{A0FF3995-6264-451D-9A8B-326936667DB6}.Release|Any CPU.Build.0 = Release|Any CPU
		{20E24300-24EE-4936-971E-AF86D1534A31}.Debug|Any CPU.ActiveCfg = Debug|Any CPU
		{20E24300-24EE-4936-971E-AF86D1534A31}.Debug|Any CPU.Build.0 = Debug|Any CPU
		{20E24300-24EE-4936-971E-AF86D1534A31}.Release|Any CPU.ActiveCfg = Release|Any CPU
		{20E24300-24EE-4936-971E-AF86D1534A31}.Release|Any CPU.Build.0 = Release|Any CPU
		{817FFE32-8487-41AF-8351-E2FECEF80180}.Debug|Any CPU.ActiveCfg = Debug|Any CPU
		{817FFE32-8487-41AF-8351-E2FECEF80180}.Debug|Any CPU.Build.0 = Debug|Any CPU
		{817FFE32-8487-41AF-8351-E2FECEF80180}.Release|Any CPU.ActiveCfg = Release|Any CPU
		{817FFE32-8487-41AF-8351-E2FECEF80180}.Release|Any CPU.Build.0 = Release|Any CPU
		{51CBDC3C-6DB6-4C94-93EE-D7FEAD230A88}.Debug|Any CPU.ActiveCfg = Debug|Any CPU
		{51CBDC3C-6DB6-4C94-93EE-D7FEAD230A88}.Debug|Any CPU.Build.0 = Debug|Any CPU
		{51CBDC3C-6DB6-4C94-93EE-D7FEAD230A88}.Release|Any CPU.ActiveCfg = Release|Any CPU
		{51CBDC3C-6DB6-4C94-93EE-D7FEAD230A88}.Release|Any CPU.Build.0 = Release|Any CPU
		{1A5F4475-7B64-451A-8775-610FEA74A8F8}.Debug|Any CPU.ActiveCfg = Debug|Any CPU
		{1A5F4475-7B64-451A-8775-610FEA74A8F8}.Debug|Any CPU.Build.0 = Debug|Any CPU
		{1A5F4475-7B64-451A-8775-610FEA74A8F8}.Release|Any CPU.ActiveCfg = Release|Any CPU
		{1A5F4475-7B64-451A-8775-610FEA74A8F8}.Release|Any CPU.Build.0 = Release|Any CPU
		{B2DAC268-9C60-4B5C-B1E7-A206E0CB4C8F}.Debug|Any CPU.ActiveCfg = Debug|Any CPU
		{B2DAC268-9C60-4B5C-B1E7-A206E0CB4C8F}.Debug|Any CPU.Build.0 = Debug|Any CPU
		{B2DAC268-9C60-4B5C-B1E7-A206E0CB4C8F}.Release|Any CPU.ActiveCfg = Release|Any CPU
		{B2DAC268-9C60-4B5C-B1E7-A206E0CB4C8F}.Release|Any CPU.Build.0 = Release|Any CPU
		{44D66A0D-BFF8-4061-94BA-FD74400E485F}.Debug|Any CPU.ActiveCfg = Debug|Any CPU
		{44D66A0D-BFF8-4061-94BA-FD74400E485F}.Debug|Any CPU.Build.0 = Debug|Any CPU
		{44D66A0D-BFF8-4061-94BA-FD74400E485F}.Release|Any CPU.ActiveCfg = Release|Any CPU
		{44D66A0D-BFF8-4061-94BA-FD74400E485F}.Release|Any CPU.Build.0 = Release|Any CPU
		{29DDD809-DD95-476A-9DBE-4F812B713514}.Debug|Any CPU.ActiveCfg = Debug|Any CPU
		{29DDD809-DD95-476A-9DBE-4F812B713514}.Debug|Any CPU.Build.0 = Debug|Any CPU
		{29DDD809-DD95-476A-9DBE-4F812B713514}.Release|Any CPU.ActiveCfg = Release|Any CPU
		{29DDD809-DD95-476A-9DBE-4F812B713514}.Release|Any CPU.Build.0 = Release|Any CPU
		{D1BAE38E-231F-48C2-8910-76E00C3FA27B}.Debug|Any CPU.ActiveCfg = Debug|Any CPU
		{D1BAE38E-231F-48C2-8910-76E00C3FA27B}.Debug|Any CPU.Build.0 = Debug|Any CPU
		{D1BAE38E-231F-48C2-8910-76E00C3FA27B}.Release|Any CPU.ActiveCfg = Release|Any CPU
		{D1BAE38E-231F-48C2-8910-76E00C3FA27B}.Release|Any CPU.Build.0 = Release|Any CPU
		{FA02C210-6569-4FE7-A129-F7F9C3FCFCD5}.Debug|Any CPU.ActiveCfg = Debug|Any CPU
		{FA02C210-6569-4FE7-A129-F7F9C3FCFCD5}.Debug|Any CPU.Build.0 = Debug|Any CPU
		{FA02C210-6569-4FE7-A129-F7F9C3FCFCD5}.Release|Any CPU.ActiveCfg = Release|Any CPU
		{FA02C210-6569-4FE7-A129-F7F9C3FCFCD5}.Release|Any CPU.Build.0 = Release|Any CPU
		{415F2A48-2B9A-41E4-936C-2C1DECE8E1D3}.Debug|Any CPU.ActiveCfg = Debug|Any CPU
		{415F2A48-2B9A-41E4-936C-2C1DECE8E1D3}.Debug|Any CPU.Build.0 = Debug|Any CPU
		{415F2A48-2B9A-41E4-936C-2C1DECE8E1D3}.Release|Any CPU.ActiveCfg = Release|Any CPU
		{415F2A48-2B9A-41E4-936C-2C1DECE8E1D3}.Release|Any CPU.Build.0 = Release|Any CPU
		{36F7DCA1-6730-49C4-9FFC-13A00E8FF3FD}.Debug|Any CPU.ActiveCfg = Debug|Any CPU
		{36F7DCA1-6730-49C4-9FFC-13A00E8FF3FD}.Debug|Any CPU.Build.0 = Debug|Any CPU
		{36F7DCA1-6730-49C4-9FFC-13A00E8FF3FD}.Release|Any CPU.ActiveCfg = Release|Any CPU
		{36F7DCA1-6730-49C4-9FFC-13A00E8FF3FD}.Release|Any CPU.Build.0 = Release|Any CPU
		{025DE3D7-D175-4DBC-9383-E37D2041B85B}.Debug|Any CPU.ActiveCfg = Debug|Any CPU
		{025DE3D7-D175-4DBC-9383-E37D2041B85B}.Debug|Any CPU.Build.0 = Debug|Any CPU
		{025DE3D7-D175-4DBC-9383-E37D2041B85B}.Release|Any CPU.ActiveCfg = Release|Any CPU
		{025DE3D7-D175-4DBC-9383-E37D2041B85B}.Release|Any CPU.Build.0 = Release|Any CPU
		{0A1EEAFE-7367-484B-9907-451E182CDB1A}.Debug|Any CPU.ActiveCfg = Debug|Any CPU
		{0A1EEAFE-7367-484B-9907-451E182CDB1A}.Debug|Any CPU.Build.0 = Debug|Any CPU
		{0A1EEAFE-7367-484B-9907-451E182CDB1A}.Release|Any CPU.ActiveCfg = Release|Any CPU
		{0A1EEAFE-7367-484B-9907-451E182CDB1A}.Release|Any CPU.Build.0 = Release|Any CPU
		{63D17422-DB67-46BA-89DD-F524579A6055}.Debug|Any CPU.ActiveCfg = Debug|Any CPU
		{63D17422-DB67-46BA-89DD-F524579A6055}.Debug|Any CPU.Build.0 = Debug|Any CPU
		{63D17422-DB67-46BA-89DD-F524579A6055}.Release|Any CPU.ActiveCfg = Release|Any CPU
		{63D17422-DB67-46BA-89DD-F524579A6055}.Release|Any CPU.Build.0 = Release|Any CPU
		{D0D42DF0-CE7F-4340-BDB0-0CEF4FB33CA1}.Debug|Any CPU.ActiveCfg = Debug|Any CPU
		{D0D42DF0-CE7F-4340-BDB0-0CEF4FB33CA1}.Debug|Any CPU.Build.0 = Debug|Any CPU
		{D0D42DF0-CE7F-4340-BDB0-0CEF4FB33CA1}.Release|Any CPU.ActiveCfg = Release|Any CPU
		{D0D42DF0-CE7F-4340-BDB0-0CEF4FB33CA1}.Release|Any CPU.Build.0 = Release|Any CPU
		{731D1E29-33F9-42D5-98E0-2E8544533D55}.Debug|Any CPU.ActiveCfg = Debug|Any CPU
		{731D1E29-33F9-42D5-98E0-2E8544533D55}.Debug|Any CPU.Build.0 = Debug|Any CPU
		{731D1E29-33F9-42D5-98E0-2E8544533D55}.Release|Any CPU.ActiveCfg = Release|Any CPU
		{731D1E29-33F9-42D5-98E0-2E8544533D55}.Release|Any CPU.Build.0 = Release|Any CPU
		{920A28B4-481F-4A5C-99A2-FC483E4A826C}.Debug|Any CPU.ActiveCfg = Debug|Any CPU
		{920A28B4-481F-4A5C-99A2-FC483E4A826C}.Debug|Any CPU.Build.0 = Debug|Any CPU
		{920A28B4-481F-4A5C-99A2-FC483E4A826C}.Release|Any CPU.ActiveCfg = Release|Any CPU
		{920A28B4-481F-4A5C-99A2-FC483E4A826C}.Release|Any CPU.Build.0 = Release|Any CPU
	EndGlobalSection
	GlobalSection(SolutionProperties) = preSolution
		HideSolutionNode = FALSE
	EndGlobalSection
	GlobalSection(ExtensibilityGlobals) = postSolution
		SolutionGuid = {BDA92586-52DF-4D0A-870F-623C8BE2972C}
	EndGlobalSection
EndGlobal
